
Microsoft Visual Studio Solution File, Format Version 12.00
# Visual Studio Version 17
VisualStudioVersion = 17.4.33103.184
MinimumVisualStudioVersion = 10.0.40219.1
Project("{FAE04EC0-301F-11D3-BF4B-00C04F79EFBC}") = "Mat", "Mat\Mat.csproj", "{C467BF31-80C9-4CF7-915E-B63207F0C487}"
EndProject
Global
	GlobalSection(SolutionConfigurationPlatforms) = preSolution
		Debug|Any CPU = Debug|Any CPU
		Release|Any CPU = Release|Any CPU
	EndGlobalSection
	GlobalSection(ProjectConfigurationPlatforms) = postSolution
		{C467BF31-80C9-4CF7-915E-B63207F0C487}.Debug|Any CPU.ActiveCfg = Debug|Any CPU
		{C467BF31-80C9-4CF7-915E-B63207F0C487}.Debug|Any CPU.Build.0 = Debug|Any CPU
		{C467BF31-80C9-4CF7-915E-B63207F0C487}.Release|Any CPU.ActiveCfg = Release|Any CPU
		{C467BF31-80C9-4CF7-915E-B63207F0C487}.Release|Any CPU.Build.0 = Release|Any CPU
	EndGlobalSection
	GlobalSection(SolutionProperties) = preSolution
		HideSolutionNode = FALSE
	EndGlobalSection
	GlobalSection(ExtensibilityGlobals) = postSolution
		SolutionGuid = {B74ED9A3-59E2-46B8-9221-BFD2DDD4E244}
	EndGlobalSection
EndGlobal
